
Microsoft Visual Studio Solution File, Format Version 12.00
# Visual Studio 14
VisualStudioVersion = 14.0.22512.0
MinimumVisualStudioVersion = 10.0.40219.1
Project("{FAE04EC0-301F-11D3-BF4B-00C04F79EFBC}") = "Niml", "Niml\Niml.csproj", "{84D5B02B-1851-467C-8689-9CCB75E9B1CA}"
EndProject
Project("{FAE04EC0-301F-11D3-BF4B-00C04F79EFBC}") = "Niml.Tests", "Niml.Tests\Niml.Tests.csproj", "{232FD118-C566-4C6D-96E9-831695FD9ADA}"
EndProject
Global
	GlobalSection(SolutionConfigurationPlatforms) = preSolution
		Debug|Any CPU = Debug|Any CPU
		Release|Any CPU = Release|Any CPU
	EndGlobalSection
	GlobalSection(ProjectConfigurationPlatforms) = postSolution
		{84D5B02B-1851-467C-8689-9CCB75E9B1CA}.Debug|Any CPU.ActiveCfg = Debug|Any CPU
		{84D5B02B-1851-467C-8689-9CCB75E9B1CA}.Debug|Any CPU.Build.0 = Debug|Any CPU
		{84D5B02B-1851-467C-8689-9CCB75E9B1CA}.Release|Any CPU.ActiveCfg = Release|Any CPU
		{84D5B02B-1851-467C-8689-9CCB75E9B1CA}.Release|Any CPU.Build.0 = Release|Any CPU
		{232FD118-C566-4C6D-96E9-831695FD9ADA}.Debug|Any CPU.ActiveCfg = Debug|Any CPU
		{232FD118-C566-4C6D-96E9-831695FD9ADA}.Debug|Any CPU.Build.0 = Debug|Any CPU
		{232FD118-C566-4C6D-96E9-831695FD9ADA}.Release|Any CPU.ActiveCfg = Release|Any CPU
		{232FD118-C566-4C6D-96E9-831695FD9ADA}.Release|Any CPU.Build.0 = Release|Any CPU
	EndGlobalSection
	GlobalSection(SolutionProperties) = preSolution
		HideSolutionNode = FALSE
	EndGlobalSection
EndGlobal
